PODS:
  - AppAuth (1.6.2):
    - AppAuth/Core (= 1.6.2)
    - AppAuth/ExternalUserAgent (= 1.6.2)
  - AppAuth/Core (1.6.2)
  - AppAuth/ExternalUserAgent (1.6.2):
    - AppAuth/Core
  - Firebase/Auth (10.10.0):
    - Firebase/CoreOnly
    - FirebaseAuth (~> 10.10.0)
  - Firebase/CoreOnly (10.10.0):
    - FirebaseCore (= 10.10.0)
  - Firebase/Messaging (10.10.0):
    - Firebase/CoreOnly
    - FirebaseMessaging (~> 10.10.0)
  - firebase_auth (4.6.3):
    - Firebase/Auth (= 10.10.0)
    - firebase_core
    - Flutter
  - firebase_core (2.14.0):
    - Firebase/CoreOnly (= 10.10.0)
    - Flutter
  - firebase_messaging (14.6.3):
    - Firebase/Messaging (= 10.10.0)
    - firebase_core
    - Flutter
  - FirebaseAppCheckInterop (10.12.0)
  - FirebaseAuth (10.10.0):
    - FirebaseAppCheckInterop (~> 10.0)
    - FirebaseCore (~> 10.0)
    - GoogleUtilities/AppDelegateSwizzler (~> 7.8)
    - GoogleUtilities/Environment (~> 7.8)
    - GTMSessionFetcher/Core (< 4.0, >= 2.1)
  - FirebaseCore (10.10.0):
    - FirebaseCoreInternal (~> 10.0)
    - GoogleUtilities/Environment (~> 7.8)
    - GoogleUtilities/Logger (~> 7.8)
  - FirebaseCoreInternal (10.12.0):
    - "GoogleUtilities/NSData+zlib (~> 7.8)"
  - FirebaseInstallations (10.12.0):
    - FirebaseCore (~> 10.0)
    - GoogleUtilities/Environment (~> 7.8)
    - GoogleUtilities/UserDefaults (~> 7.8)
    - PromisesObjC (~> 2.1)
  - FirebaseMessaging (10.10.0):
    - FirebaseCore (~> 10.0)
    - FirebaseInstallations (~> 10.0)
    - GoogleDataTransport (~> 9.2)
    - GoogleUtilities/AppDelegateSwizzler (~> 7.8)
    - GoogleUtilities/Environment (~> 7.8)
    - GoogleUtilities/Reachability (~> 7.8)
    - GoogleUtilities/UserDefaults (~> 7.8)
    - nanopb (< 2.30910.0, >= 2.30908.0)
  - Flutter (1.0.0)
  - flutter_keyboard_visibility (0.0.1):
    - Flutter
  - flutter_local_notifications (0.0.1):
    - Flutter
  - flutter_native_splash (0.0.1):
    - Flutter
  - fluttertoast (0.0.2):
    - Flutter
    - Toast
  - FMDB (2.7.5):
    - FMDB/standard (= 2.7.5)
  - FMDB/standard (2.7.5)
  - google_maps_flutter_ios (0.0.1):
    - Flutter
    - GoogleMaps (< 8.0)
  - google_sign_in_ios (0.0.1):
    - Flutter
    - GoogleSignIn (~> 6.2)
  - GoogleDataTransport (9.2.3):
    - GoogleUtilities/Environment (~> 7.7)
    - nanopb (< 2.30910.0, >= 2.30908.0)
    - PromisesObjC (< 3.0, >= 1.2)
  - GoogleMaps (5.2.0):
    - GoogleMaps/Maps (= 5.2.0)
  - GoogleMaps/Base (5.2.0)
  - GoogleMaps/Maps (5.2.0):
    - GoogleMaps/Base
  - GoogleSignIn (6.2.4):
    - AppAuth (~> 1.5)
    - GTMAppAuth (~> 1.3)
    - GTMSessionFetcher/Core (< 3.0, >= 1.1)
  - GoogleUtilities/AppDelegateSwizzler (7.11.1):
    - GoogleUtilities/Environment
    - GoogleUtilities/Logger
    - GoogleUtilities/Network
  - GoogleUtilities/Environment (7.11.1):
    - PromisesObjC (< 3.0, >= 1.2)
  - GoogleUtilities/Logger (7.11.1):
    - GoogleUtilities/Environment
  - GoogleUtilities/Network (7.11.1):
    - GoogleUtilities/Logger
    - "GoogleUtilities/NSData+zlib"
    - GoogleUtilities/Reachability
  - "GoogleUtilities/NSData+zlib (7.11.1)"
  - GoogleUtilities/Reachability (7.11.1):
    - GoogleUtilities/Logger
  - GoogleUtilities/UserDefaults (7.11.1):
    - GoogleUtilities/Logger
  - GTMAppAuth (1.3.1):
    - AppAuth/Core (~> 1.6)
    - GTMSessionFetcher/Core (< 3.0, >= 1.5)
  - GTMSessionFetcher/Core (2.3.0)
  - nanopb (2.30909.0):
    - nanopb/decode (= 2.30909.0)
    - nanopb/encode (= 2.30909.0)
  - nanopb/decode (2.30909.0)
  - nanopb/encode (2.30909.0)
  - package_info_plus (0.4.5):
    - Flutter
  - path_provider_foundation (0.0.1):
    - Flutter
    - FlutterMacOS
  - permission_handler_apple (9.1.0):
    - Flutter
  - PromisesObjC (2.2.0)
  - sign_in_with_apple (0.0.1):
    - Flutter
  - sqflite (0.0.3):
    - Flutter
    - FMDB (>= 2.7.5)
  - Toast (4.0.0)

DEPENDENCIES:
  - firebase_auth (from `.symlinks/plugins/firebase_auth/ios`)
  - firebase_core (from `.symlinks/plugins/firebase_core/ios`)
  - firebase_messaging (from `.symlinks/plugins/firebase_messaging/ios`)
  - Flutter (from `Flutter`)
  - flutter_keyboard_visibility (from `.symlinks/plugins/flutter_keyboard_visibility/ios`)
  - flutter_local_notifications (from `.symlinks/plugins/flutter_local_notifications/ios`)
  - flutter_native_splash (from `.symlinks/plugins/flutter_native_splash/ios`)
  - fluttertoast (from `.symlinks/plugins/fluttertoast/ios`)
  - google_maps_flutter_ios (from `.symlinks/plugins/google_maps_flutter_ios/ios`)
  - google_sign_in_ios (from `.symlinks/plugins/google_sign_in_ios/ios`)
  - package_info_plus (from `.symlinks/plugins/package_info_plus/ios`)
  - path_provider_foundation (from `.symlinks/plugins/path_provider_foundation/darwin`)
  - permission_handler_apple (from `.symlinks/plugins/permission_handler_apple/ios`)
  - sign_in_with_apple (from `.symlinks/plugins/sign_in_with_apple/ios`)
  - sqflite (from `.symlinks/plugins/sqflite/ios`)

SPEC REPOS:
  trunk:
    - AppAuth
    - Firebase
    - FirebaseAppCheckInterop
    - FirebaseAuth
    - FirebaseCore
    - FirebaseCoreInternal
    - FirebaseInstallations
    - FirebaseMessaging
    - FMDB
    - GoogleDataTransport
    - GoogleMaps
    - GoogleSignIn
    - GoogleUtilities
    - GTMAppAuth
    - GTMSessionFetcher
    - nanopb
    - PromisesObjC
    - Toast

EXTERNAL SOURCES:
  firebase_auth:
    :path: ".symlinks/plugins/firebase_auth/ios"
  firebase_core:
    :path: ".symlinks/plugins/firebase_core/ios"
  firebase_messaging:
    :path: ".symlinks/plugins/firebase_messaging/ios"
  Flutter:
    :path: Flutter
  flutter_keyboard_visibility:
    :path: ".symlinks/plugins/flutter_keyboard_visibility/ios"
  flutter_local_notifications:
    :path: ".symlinks/plugins/flutter_local_notifications/ios"
  flutter_native_splash:
    :path: ".symlinks/plugins/flutter_native_splash/ios"
  fluttertoast:
    :path: ".symlinks/plugins/fluttertoast/ios"
  google_maps_flutter_ios:
    :path: ".symlinks/plugins/google_maps_flutter_ios/ios"
  google_sign_in_ios:
    :path: ".symlinks/plugins/google_sign_in_ios/ios"
  package_info_plus:
    :path: ".symlinks/plugins/package_info_plus/ios"
  path_provider_foundation:
    :path: ".symlinks/plugins/path_provider_foundation/darwin"
  permission_handler_apple:
    :path: ".symlinks/plugins/permission_handler_apple/ios"
  sign_in_with_apple:
    :path: ".symlinks/plugins/sign_in_with_apple/ios"
  sqflite:
    :path: ".symlinks/plugins/sqflite/ios"

SPEC CHECKSUMS:
  AppAuth: 3bb1d1cd9340bd09f5ed189fb00b1cc28e1e8570
  Firebase: facd334e557a979bd03a0b58d90fd56b52b8aba0
  firebase_auth: 9905bc3d82328b5050a8b7cb410a959f150b6549
  firebase_core: 85b6664038311940ad60584eaabc73103c61f5de
  firebase_messaging: db0dab2713aafcf69591a1dc4ee8af7d8bba2abd
  FirebaseAppCheckInterop: f95a4feb9089867aff1a4bdc2ce309137e07736a
  FirebaseAuth: 5ddbe23ebc4e647469261f5c59cd12a04f37c8e6
  FirebaseCore: d027ff503d37edb78db98429b11f580a24a7df2a
  FirebaseCoreInternal: 950500ad8a08963657f6d8c67b579740c06d6aa1
  FirebaseInstallations: 7b99ef103f013624444c614397038219c45f8e63
  FirebaseMessaging: 8a3b9a8b98ce72a42d22e69865cf662e38d2d6f5
  Flutter: f04841e97a9d0b0a8025694d0796dd46242b2854
  flutter_keyboard_visibility: 0339d06371254c3eb25eeb90ba8d17dca8f9c069
  flutter_local_notifications: 0c0b1ae97e741e1521e4c1629a459d04b9aec743
  flutter_native_splash: 52501b97d1c0a5f898d687f1646226c1f93c56ef
  fluttertoast: fafc4fa4d01a6a9e4f772ecd190ffa525e9e2d9c
  FMDB: 2ce00b547f966261cd18927a3ddb07cb6f3db82a
  google_maps_flutter_ios: abdac20d6ce8931f6ebc5f46616df241bfaa2cfd
  google_sign_in_ios: 1256ff9d941db546373826966720b0c24804bcdd
  GoogleDataTransport: f0308f5905a745f94fb91fea9c6cbaf3831cb1bd
  GoogleMaps: 025272d5876d3b32604e5c080dc25eaf68764693
  GoogleSignIn: 5651ce3a61e56ca864160e79b484cd9ed3f49b7a
  GoogleUtilities: 9aa0ad5a7bc171f8bae016300bfcfa3fb8425749
  GTMAppAuth: 0ff230db599948a9ad7470ca667337803b3fc4dd
  GTMSessionFetcher: 3a63d75eecd6aa32c2fc79f578064e1214dfdec2
  nanopb: b552cce312b6c8484180ef47159bc0f65a1f0431
  package_info_plus: fd030dabf36271f146f1f3beacd48f564b0f17f7
  path_provider_foundation: eaf5b3e458fc0e5fbb9940fb09980e853fe058b8
  permission_handler_apple: 8f116445eff3c0e7c65ad60f5fef5490aa94b4e4
  PromisesObjC: 09985d6d70fbe7878040aa746d78236e6946d2ef
  sign_in_with_apple: f3bf75217ea4c2c8b91823f225d70230119b8440
  sqflite: 31f7eba61e3074736dff8807a9b41581e4f7f15a
  Toast: 91b396c56ee72a5790816f40d3a94dd357abc196

PODFILE CHECKSUM: 70d9d25280d0dd177a5f637cdb0f0b0b12c6a189

COCOAPODS: 1.12.1
